// !$*UTF8*$!
{
	archiveVersion = 1;
	classes = {
	};
	objectVersion = 50;
	objects = {

/* Begin PBXBuildFile section */
		20B983CF23BDB37A00BBB047 /* AppDelegate.swift in Sources */ = {isa = PBXBuildFile; fileRef = 20B983CE23BDB37A00BBB047 /* AppDelegate.swift */; };
		20B983D123BDB37A00BBB047 /* SceneDelegate.swift in Sources */ = {isa = PBXBuildFile; fileRef = 20B983D023BDB37A00BBB047 /* SceneDelegate.swift */; };
		20B983D323BDB37A00BBB047 /* ViewController.swift in Sources */ = {isa = PBXBuildFile; fileRef = 20B983D223BDB37A00BBB047 /* ViewController.swift */; };
		20B983D623BDB37A00BBB047 /* Main.storyboard in Resources */ = {isa = PBXBuildFile; fileRef = 20B983D423BDB37A00BBB047 /* Main.storyboard */; };
		20B983D823BDB37E00BBB047 /* Assets.xcassets in Resources */ = {isa = PBXBuildFile; fileRef = 20B983D723BDB37E00BBB047 /* Assets.xcassets */; };
		20B983DB23BDB37E00BBB047 /* LaunchScreen.storyboard in Resources */ = {isa = PBXBuildFile; fileRef = 20B983D923BDB37E00BBB047 /* LaunchScreen.storyboard */; };
		20B983E623BDB37E00BBB047 /* MyMapTests.swift in Sources */ = {isa = PBXBuildFile; fileRef = 20B983E523BDB37E00BBB047 /* MyMapTests.swift */; };
		20B983F123BDB37E00BBB047 /* MyMapUITests.swift in Sources */ = {isa = PBXBuildFile; fileRef = 20B983F023BDB37E00BBB047 /* MyMapUITests.swift */; };
		20B9840023BDB3A500BBB047 /* MapKit.framework in Frameworks */ = {isa = PBXBuildFile; fileRef = 20B983FF23BDB3A500BBB047 /* MapKit.framework */; };
/* End PBXBuildFile section */

/* Begin PBXContainerItemProxy section */
		20B983E223BDB37E00BBB047 /* PBXContainerItemProxy */ = {
			isa = PBXContainerItemProxy;
			containerPortal = 20B983C323BDB37A00BBB047 /* Project object */;
			proxyType = 1;
			remoteGlobalIDString = 20B983CA23BDB37A00BBB047;
			remoteInfo = MyMap;
		};
		20B983ED23BDB37E00BBB047 /* PBXContainerItemProxy */ = {
			isa = PBXContainerItemProxy;
			containerPortal = 20B983C323BDB37A00BBB047 /* Project object */;
			proxyType = 1;
			remoteGlobalIDString = 20B983CA23BDB37A00BBB047;
			remoteInfo = MyMap;
		};
/* End PBXContainerItemProxy section */

/* Begin PBXFileReference section */
		20B983CB23BDB37A00BBB047 /* MyMap.app */ = {isa = PBXFileReference; explicitFileType = wrapper.application; includeInIndex = 0; path = MyMap.app; sourceTree = BUILT_PRODUCTS_DIR; };
		20B983CE23BDB37A00BBB047 /* AppDelegate.swift */ = {isa = PBXFileReference; lastKnownFileType = sourcecode.swift; path = AppDelegate.swift; sourceTree = "<group>"; };
		20B983D023BDB37A00BBB047 /* SceneDelegate.swift */ = {isa = PBXFileReference; lastKnownFileType = sourcecode.swift; path = SceneDelegate.swift; sourceTree = "<group>"; };
		20B983D223BDB37A00BBB047 /* ViewController.swift */ = {isa = PBXFileReference; lastKnownFileType = sourcecode.swift; path = ViewController.swift; sourceTree = "<group>"; };
		20B983D523BDB37A00BBB047 /* Base */ = {isa = PBXFileReference; lastKnownFileType = file.storyboard; name = Base; path = Base.lproj/Main.storyboard; sourceTree = "<group>"; };
		20B983D723BDB37E00BBB047 /* Assets.xcassets */ = {isa = PBXFileReference; lastKnownFileType = folder.assetcatalog; path = Assets.xcassets; sourceTree = "<group>"; };
		20B983DA23BDB37E00BBB047 /* Base */ = {isa = PBXFileReference; lastKnownFileType = file.storyboard; name = Base; path = Base.lproj/LaunchScreen.storyboard; sourceTree = "<group>"; };
		20B983DC23BDB37E00BBB047 /* Info.plist */ = {isa = PBXFileReference; lastKnownFileType = text.plist.xml; path = Info.plist; sourceTree = "<group>"; };
		20B983E123BDB37E00BBB047 /* MyMapTests.xctest */ = {isa = PBXFileReference; explicitFileType = wrapper.cfbundle; includeInIndex = 0; path = MyMapTests.xctest; sourceTree = BUILT_PRODUCTS_DIR; };
		20B983E523BDB37E00BBB047 /* MyMapTests.swift */ = {isa = PBXFileReference; lastKnownFileType = sourcecode.swift; path = MyMapTests.swift; sourceTree = "<group>"; };
		20B983E723BDB37E00BBB047 /* Info.plist */ = {isa = PBXFileReference; lastKnownFileType = text.plist.xml; path = Info.plist; sourceTree = "<group>"; };
		20B983EC23BDB37E00BBB047 /* MyMapUITests.xctest */ = {isa = PBXFileReference; explicitFileType = wrapper.cfbundle; includeInIndex = 0; path = MyMapUITests.xctest; sourceTree = BUILT_PRODUCTS_DIR; };
		20B983F023BDB37E00BBB047 /* MyMapUITests.swift */ = {isa = PBXFileReference; lastKnownFileType = sourcecode.swift; path = MyMapUITests.swift; sourceTree = "<group>"; };
		20B983F223BDB37E00BBB047 /* Info.plist */ = {isa = PBXFileReference; lastKnownFileType = text.plist.xml; path = Info.plist; sourceTree = "<group>"; };
		20B983FF23BDB3A500BBB047 /* MapKit.framework */ = {isa = PBXFileReference; lastKnownFileType = wrapper.framework; name = MapKit.framework; path = System/Library/Frameworks/MapKit.framework; sourceTree = SDKROOT; };
/* End PBXFileReference section */

/* Begin PBXFrameworksBuildPhase section */
		20B983C823BDB37A00BBB047 /* Frameworks */ = {
			isa = PBXFrameworksBuildPhase;
			buildActionMask = 2147483647;
			files = (
				20B9840023BDB3A500BBB047 /* MapKit.framework in Frameworks */,
			);
			runOnlyForDeploymentPostprocessing = 0;
		};
		20B983DE23BDB37E00BBB047 /* Frameworks */ = {
			isa = PBXFrameworksBuildPhase;
			buildActionMask = 2147483647;
			files = (
			);
			runOnlyForDeploymentPostprocessing = 0;
		};
		20B983E923BDB37E00BBB047 /* Frameworks */ = {
			isa = PBXFrameworksBuildPhase;
			buildActionMask = 2147483647;
			files = (
			);
			runOnlyForDeploymentPostprocessing = 0;
		};
/* End PBXFrameworksBuildPhase section */

/* Begin PBXGroup section */
		20B983C223BDB37A00BBB047 = {
			isa = PBXGroup;
			children = (
				20B983CD23BDB37A00BBB047 /* MyMap */,
				20B983E423BDB37E00BBB047 /* MyMapTests */,
				20B983EF23BDB37E00BBB047 /* MyMapUITests */,
				20B983CC23BDB37A00BBB047 /* Products */,
				20B983FE23BDB3A500BBB047 /* Frameworks */,
			);
			sourceTree = "<group>";
		};
		20B983CC23BDB37A00BBB047 /* Products */ = {
			isa = PBXGroup;
			children = (
				20B983CB23BDB37A00BBB047 /* MyMap.app */,
				20B983E123BDB37E00BBB047 /* MyMapTests.xctest */,
				20B983EC23BDB37E00BBB047 /* MyMapUITests.xctest */,
			);
			name = Products;
			sourceTree = "<group>";
		};
		20B983CD23BDB37A00BBB047 /* MyMap */ = {
			isa = PBXGroup;
			children = (
				20B983CE23BDB37A00BBB047 /* AppDelegate.swift */,
				20B983D023BDB37A00BBB047 /* SceneDelegate.swift */,
				20B983D223BDB37A00BBB047 /* ViewController.swift */,
				20B983D423BDB37A00BBB047 /* Main.storyboard */,
				20B983D723BDB37E00BBB047 /* Assets.xcassets */,
				20B983D923BDB37E00BBB047 /* LaunchScreen.storyboard */,
				20B983DC23BDB37E00BBB047 /* Info.plist */,
			);
			path = MyMap;
			sourceTree = "<group>";
		};
		20B983E423BDB37E00BBB047 /* MyMapTests */ = {
			isa = PBXGroup;
			children = (
				20B983E523BDB37E00BBB047 /* MyMapTests.swift */,
				20B983E723BDB37E00BBB047 /* Info.plist */,
			);
			path = MyMapTests;
			sourceTree = "<group>";
		};
		20B983EF23BDB37E00BBB047 /* MyMapUITests */ = {
			isa = PBXGroup;
			children = (
				20B983F023BDB37E00BBB047 /* MyMapUITests.swift */,
				20B983F223BDB37E00BBB047 /* Info.plist */,
			);
			path = MyMapUITests;
			sourceTree = "<group>";
		};
		20B983FE23BDB3A500BBB047 /* Frameworks */ = {
			isa = PBXGroup;
			children = (
				20B983FF23BDB3A500BBB047 /* MapKit.framework */,
			);
			name = Frameworks;
			sourceTree = "<group>";
		};
/* End PBXGroup section */

/* Begin PBXNativeTarget section */
		20B983CA23BDB37A00BBB047 /* MyMap */ = {
			isa = PBXNativeTarget;
			buildConfigurationList = 20B983F523BDB37E00BBB047 /* Build configuration list for PBXNativeTarget "MyMap" */;
			buildPhases = (
				20B983C723BDB37A00BBB047 /* Sources */,
				20B983C823BDB37A00BBB047 /* Frameworks */,
				20B983C923BDB37A00BBB047 /* Resources */,
			);
			buildRules = (
			);
			dependencies = (
			);
			name = MyMap;
			productName = MyMap;
			productReference = 20B983CB23BDB37A00BBB047 /* MyMap.app */;
			productType = "com.apple.product-type.application";
		};
		20B983E023BDB37E00BBB047 /* MyMapTests */ = {
			isa = PBXNativeTarget;
			buildConfigurationList = 20B983F823BDB37E00BBB047 /* Build configuration list for PBXNativeTarget "MyMapTests" */;
			buildPhases = (
				20B983DD23BDB37E00BBB047 /* Sources */,
				20B983DE23BDB37E00BBB047 /* Frameworks */,
				20B983DF23BDB37E00BBB047 /* Resources */,
			);
			buildRules = (
			);
			dependencies = (
				20B983E323BDB37E00BBB047 /* PBXTargetDependency */,
			);
			name = MyMapTests;
			productName = MyMapTests;
			productReference = 20B983E123BDB37E00BBB047 /* MyMapTests.xctest */;
			productType = "com.apple.product-type.bundle.unit-test";
		};
		20B983EB23BDB37E00BBB047 /* MyMapUITests */ = {
			isa = PBXNativeTarget;
			buildConfigurationList = 20B983FB23BDB37E00BBB047 /* Build configuration list for PBXNativeTarget "MyMapUITests" */;
			buildPhases = (
				20B983E823BDB37E00BBB047 /* Sources */,
				20B983E923BDB37E00BBB047 /* Frameworks */,
				20B983EA23BDB37E00BBB047 /* Resources */,
			);
			buildRules = (
			);
			dependencies = (
				20B983EE23BDB37E00BBB047 /* PBXTargetDependency */,
			);
			name = MyMapUITests;
			productName = MyMapUITests;
			productReference = 20B983EC23BDB37E00BBB047 /* MyMapUITests.xctest */;
			productType = "com.apple.product-type.bundle.ui-testing";
		};
/* End PBXNativeTarget section */

/* Begin PBXProject section */
		20B983C323BDB37A00BBB047 /* Project object */ = {
			isa = PBXProject;
			attributes = {
				LastSwiftUpdateCheck = 1130;
				LastUpgradeCheck = 1130;
				ORGANIZATIONNAME = wakamori;
				TargetAttributes = {
					20B983CA23BDB37A00BBB047 = {
						CreatedOnToolsVersion = 11.3;
					};
					20B983E023BDB37E00BBB047 = {
						CreatedOnToolsVersion = 11.3;
						TestTargetID = 20B983CA23BDB37A00BBB047;
					};
					20B983EB23BDB37E00BBB047 = {
						CreatedOnToolsVersion = 11.3;
						TestTargetID = 20B983CA23BDB37A00BBB047;
					};
				};
			};
			buildConfigurationList = 20B983C623BDB37A00BBB047 /* Build configuration list for PBXProject "MyMap" */;
			compatibilityVersion = "Xcode 9.3";
			developmentRegion = en;
			hasScannedForEncodings = 0;
			knownRegions = (
				en,
				Base,
			);
			mainGroup = 20B983C223BDB37A00BBB047;
			productRefGroup = 20B983CC23BDB37A00BBB047 /* Products */;
			projectDirPath = "";
			projectRoot = "";
			targets = (
				20B983CA23BDB37A00BBB047 /* MyMap */,
				20B983E023BDB37E00BBB047 /* MyMapTests */,
				20B983EB23BDB37E00BBB047 /* MyMapUITests */,
			);
		};
/* End PBXProject section */

/* Begin PBXResourcesBuildPhase section */
		20B983C923BDB37A00BBB047 /* Resources */ = {
			isa = PBXResourcesBuildPhase;
			buildActionMask = 2147483647;
			files = (
				20B983DB23BDB37E00BBB047 /* LaunchScreen.storyboard in Resources */,
				20B983D823BDB37E00BBB047 /* Assets.xcassets in Resources */,
				20B983D623BDB37A00BBB047 /* Main.storyboard in Resources */,
			);
			runOnlyForDeploymentPostprocessing = 0;
		};
		20B983DF23BDB37E00BBB047 /* Resources */ = {
			isa = PBXResourcesBuildPhase;
			buildActionMask = 2147483647;
			files = (
			);
			runOnlyForDeploymentPostprocessing = 0;
		};
		20B983EA23BDB37E00BBB047 /* Resources */ = {
			isa = PBXResourcesBuildPhase;
			buildActionMask = 2147483647;
			files = (
			);
			runOnlyForDeploymentPostprocessing = 0;
		};
/* End PBXResourcesBuildPhase section */

/* Begin PBXSourcesBuildPhase section */
		20B983C723BDB37A00BBB047 /* Sources */ = {
			isa = PBXSourcesBuildPhase;
			buildActionMask = 2147483647;
			files = (
				20B983D323BDB37A00BBB047 /* ViewController.swift in Sources */,
				20B983CF23BDB37A00BBB047 /* AppDelegate.swift in Sources */,
				20B983D123BDB37A00BBB047 /* SceneDelegate.swift in Sources */,
			);
			runOnlyForDeploymentPostprocessing = 0;
		};
		20B983DD23BDB37E00BBB047 /* Sources */ = {
			isa = PBXSourcesBuildPhase;
			buildActionMask = 2147483647;
			files = (
				20B983E623BDB37E00BBB047 /* MyMapTests.swift in Sources */,
			);
			runOnlyForDeploymentPostprocessing = 0;
		};
		20B983E823BDB37E00BBB047 /* Sources */ = {
			isa = PBXSourcesBuildPhase;
			buildActionMask = 2147483647;
			files = (
				20B983F123BDB37E00BBB047 /* MyMapUITests.swift in Sources */,
			);
			runOnlyForDeploymentPostprocessing = 0;
		};
/* End PBXSourcesBuildPhase section */

/* Begin PBXTargetDependency section */
		20B983E323BDB37E00BBB047 /* PBXTargetDependency */ = {
			isa = PBXTargetDependency;
			target = 20B983CA23BDB37A00BBB047 /* MyMap */;
			targetProxy = 20B983E223BDB37E00BBB047 /* PBXContainerItemProxy */;
		};
		20B983EE23BDB37E00BBB047 /* PBXTargetDependency */ = {
			isa = PBXTargetDependency;
			target = 20B983CA23BDB37A00BBB047 /* MyMap */;
			targetProxy = 20B983ED23BDB37E00BBB047 /* PBXContainerItemProxy */;
		};
/* End PBXTargetDependency section */

/* Begin PBXVariantGroup section */
		20B983D423BDB37A00BBB047 /* Main.storyboard */ = {
			isa = PBXVariantGroup;
			children = (
				20B983D523BDB37A00BBB047 /* Base */,
			);
			name = Main.storyboard;
			sourceTree = "<group>";
		};
		20B983D923BDB37E00BBB047 /* LaunchScreen.storyboard */ = {
			isa = PBXVariantGroup;
			children = (
				20B983DA23BDB37E00BBB047 /* Base */,
			);
			name = LaunchScreen.storyboard;
			sourceTree = "<group>";
		};
/* End PBXVariantGroup section */

/* Begin XCBuildConfiguration section */
		20B983F323BDB37E00BBB047 /* Debug */ = {
			isa = XCBuildConfiguration;
			buildSettings = {
				ALWAYS_SEARCH_USER_PATHS = NO;
				CLANG_ANALYZER_NONNULL = YES;
				CLANG_ANALYZER_NUMBER_OBJECT_CONVERSION = YES_AGGRESSIVE;
				CLANG_CXX_LANGUAGE_STANDARD = "gnu++14";
				CLANG_CXX_LIBRARY = "libc++";
				CLANG_ENABLE_MODULES = YES;
				CLANG_ENABLE_OBJC_ARC = YES;
				CLANG_ENABLE_OBJC_WEAK = YES;
				CLANG_WARN_BLOCK_CAPTURE_AUTORELEASING = YES;
				CLANG_WARN_BOOL_CONVERSION = YES;
				CLANG_WARN_COMMA = YES;
				CLANG_WARN_CONSTANT_CONVERSION = YES;
				CLANG_WARN_DEPRECATED_OBJC_IMPLEMENTATIONS = YES;
				CLANG_WARN_DIRECT_OBJC_ISA_USAGE = YES_ERROR;
				CLANG_WARN_DOCUMENTATION_COMMENTS = YES;
				CLANG_WARN_EMPTY_BODY = YES;
				CLANG_WARN_ENUM_CONVERSION = YES;
				CLANG_WARN_INFINITE_RECURSION = YES;
				CLANG_WARN_INT_CONVERSION = YES;
				CLANG_WARN_NON_LITERAL_NULL_CONVERSION = YES;
				CLANG_WARN_OBJC_IMPLICIT_RETAIN_SELF = YES;
				CLANG_WARN_OBJC_LITERAL_CONVERSION = YES;
				CLANG_WARN_OBJC_ROOT_CLASS = YES_ERROR;
				CLANG_WARN_RANGE_LOOP_ANALYSIS = YES;
				CLANG_WARN_STRICT_PROTOTYPES = YES;
				CLANG_WARN_SUSPICIOUS_MOVE = YES;
				CLANG_WARN_UNGUARDED_AVAILABILITY = YES_AGGRESSIVE;
				CLANG_WARN_UNREACHABLE_CODE = YES;
				CLANG_WARN__DUPLICATE_METHOD_MATCH = YES;
				COPY_PHASE_STRIP = NO;
				DEBUG_INFORMATION_FORMAT = dwarf;
				ENABLE_STRICT_OBJC_MSGSEND = YES;
				ENABLE_TESTABILITY = YES;
				GCC_C_LANGUAGE_STANDARD = gnu11;
				GCC_DYNAMIC_NO_PIC = NO;
				GCC_NO_COMMON_BLOCKS = YES;
				GCC_OPTIMIZATION_LEVEL = 0;
				GCC_PREPROCESSOR_DEFINITIONS = (
					"DEBUG=1",
					"$(inherited)",
				);
				GCC_WARN_64_TO_32_BIT_CONVERSION = YES;
				GCC_WARN_ABOUT_RETURN_TYPE = YES_ERROR;
				GCC_WARN_UNDECLARED_SELECTOR = YES;
				GCC_WARN_UNINITIALIZED_AUTOS = YES_AGGRESSIVE;
				GCC_WARN_UNUSED_FUNCTION = YES;
				GCC_WARN_UNUSED_VARIABLE = YES;
				IPHONEOS_DEPLOYMENT_TARGET = 13.2;
				MTL_ENABLE_DEBUG_INFO = INCLUDE_SOURCE;
				MTL_FAST_MATH = YES;
				ONLY_ACTIVE_ARCH = YES;
				SDKROOT = iphoneos;
				SWIFT_ACTIVE_COMPILATION_CONDITIONS = DEBUG;
				SWIFT_OPTIMIZATION_LEVEL = "-Onone";
			};
			name = Debug;
		};
		20B983F423BDB37E00BBB047 /* Release */ = {
			isa = XCBuildConfiguration;
			buildSettings = {
				ALWAYS_SEARCH_USER_PATHS = NO;
				CLANG_ANALYZER_NONNULL = YES;
				CLANG_ANALYZER_NUMBER_OBJECT_CONVERSION = YES_AGGRESSIVE;
				CLANG_CXX_LANGUAGE_STANDARD = "gnu++14";
				CLANG_CXX_LIBRARY = "libc++";
				CLANG_ENABLE_MODULES = YES;
				CLANG_ENABLE_OBJC_ARC = YES;
				CLANG_ENABLE_OBJC_WEAK = YES;
				CLANG_WARN_BLOCK_CAPTURE_AUTORELEASING = YES;
				CLANG_WARN_BOOL_CONVERSION = YES;
				CLANG_WARN_COMMA = YES;
				CLANG_WARN_CONSTANT_CONVERSION = YES;
				CLANG_WARN_DEPRECATED_OBJC_IMPLEMENTATIONS = YES;
				CLANG_WARN_DIRECT_OBJC_ISA_USAGE = YES_ERROR;
				CLANG_WARN_DOCUMENTATION_COMMENTS = YES;
				CLANG_WARN_EMPTY_BODY = YES;
				CLANG_WARN_ENUM_CONVERSION = YES;
				CLANG_WARN_INFINITE_RECURSION = YES;
				CLANG_WARN_INT_CONVERSION = YES;
				CLANG_WARN_NON_LITERAL_NULL_CONVERSION = YES;
				CLANG_WARN_OBJC_IMPLICIT_RETAIN_SELF = YES;
				CLANG_WARN_OBJC_LITERAL_CONVERSION = YES;
				CLANG_WARN_OBJC_ROOT_CLASS = YES_ERROR;
				CLANG_WARN_RANGE_LOOP_ANALYSIS = YES;
				CLANG_WARN_STRICT_PROTOTYPES = YES;
				CLANG_WARN_SUSPICIOUS_MOVE = YES;
				CLANG_WARN_UNGUARDED_AVAILABILITY = YES_AGGRESSIVE;
				CLANG_WARN_UNREACHABLE_CODE = YES;
				CLANG_WARN__DUPLICATE_METHOD_MATCH = YES;
				COPY_PHASE_STRIP = NO;
				DEBUG_INFORMATION_FORMAT = "dwarf-with-dsym";
				ENABLE_NS_ASSERTIONS = NO;
				ENABLE_STRICT_OBJC_MSGSEND = YES;
				GCC_C_LANGUAGE_STANDARD = gnu11;
				GCC_NO_COMMON_BLOCKS = YES;
				GCC_WARN_64_TO_32_BIT_CONVERSION = YES;
				GCC_WARN_ABOUT_RETURN_TYPE = YES_ERROR;
				GCC_WARN_UNDECLARED_SELECTOR = YES;
				GCC_WARN_UNINITIALIZED_AUTOS = YES_AGGRESSIVE;
				GCC_WARN_UNUSED_FUNCTION = YES;
				GCC_WARN_UNUSED_VARIABLE = YES;
				IPHONEOS_DEPLOYMENT_TARGET = 13.2;
				MTL_ENABLE_DEBUG_INFO = NO;
				MTL_FAST_MATH = YES;
				SDKROOT = iphoneos;
				SWIFT_COMPILATION_MODE = wholemodule;
				SWIFT_OPTIMIZATION_LEVEL = "-O";
				VALIDATE_PRODUCT = YES;
			};
			name = Release;
		};
		20B983F623BDB37E00BBB047 /* Debug */ = {
			isa = XCBuildConfiguration;
			buildSettings = {
				ASSETCATALOG_COMPILER_APPICON_NAME = AppIcon;
				CODE_SIGN_IDENTITY = "Apple Development";
				CODE_SIGN_STYLE = Automatic;
				DEVELOPMENT_TEAM = 46PPT3XW4H;
				INFOPLIST_FILE = MyMap/Info.plist;
				LD_RUNPATH_SEARCH_PATHS = (
					"$(inherited)",
					"@executable_path/Frameworks",
				);
				PRODUCT_BUNDLE_IDENTIFIER = wakamori.MyMap;
				PRODUCT_NAME = "$(TARGET_NAME)";
				PROVISIONING_PROFILE_SPECIFIER = "";
				SWIFT_VERSION = 5.0;
				TARGETED_DEVICE_FAMILY = "1,2";
			};
			name = Debug;
		};
		20B983F723BDB37E00BBB047 /* Release */ = {
			isa = XCBuildConfiguration;
			buildSettings = {
				ASSETCATALOG_COMPILER_APPICON_NAME = AppIcon;
				CODE_SIGN_IDENTITY = "Apple Development";
				CODE_SIGN_STYLE = Automatic;
				DEVELOPMENT_TEAM = 46PPT3XW4H;
				INFOPLIST_FILE = MyMap/Info.plist;
				LD_RUNPATH_SEARCH_PATHS = (
					"$(inherited)",
					"@executable_path/Frameworks",
				);
				PRODUCT_BUNDLE_IDENTIFIER = wakamori.MyMap;
				PRODUCT_NAME = "$(TARGET_NAME)";
				PROVISIONING_PROFILE_SPECIFIER = "";
				SWIFT_VERSION = 5.0;
				TARGETED_DEVICE_FAMILY = "1,2";
			};
			name = Release;
		};
		20B983F923BDB37E00BBB047 /* Debug */ = {
			isa = XCBuildConfiguration;
			buildSettings = {
				ALWAYS_EMBED_SWIFT_STANDARD_LIBRARIES = YES;
				BUNDLE_LOADER = "$(TEST_HOST)";
				CODE_SIGN_STYLE = Automatic;
				INFOPLIST_FILE = MyMapTests/Info.plist;
				IPHONEOS_DEPLOYMENT_TARGET = 13.2;
				LD_RUNPATH_SEARCH_PATHS = (
					"$(inherited)",
					"@executable_path/Frameworks",
					"@loader_path/Frameworks",
				);
				PRODUCT_BUNDLE_IDENTIFIER = wakamori.MyMapTests;
				PRODUCT_NAME = "$(TARGET_NAME)";
				SWIFT_VERSION = 5.0;
				TARGETED_DEVICE_FAMILY = "1,2";
				TEST_HOST = "$(BUILT_PRODUCTS_DIR)/MyMap.app/MyMap";
			};
			name = Debug;
		};
		20B983FA23BDB37E00BBB047 /* Release */ = {
			isa = XCBuildConfiguration;
			buildSettings = {
				ALWAYS_EMBED_SWIFT_STANDARD_LIBRARIES = YES;
				BUNDLE_LOADER = "$(TEST_HOST)";
				CODE_SIGN_STYLE = Automatic;
				INFOPLIST_FILE = MyMapTests/Info.plist;
				IPHONEOS_DEPLOYMENT_TARGET = 13.2;
				LD_RUNPATH_SEARCH_PATHS = (
					"$(inherited)",
					"@executable_path/Frameworks",
					"@loader_path/Frameworks",
				);
				PRODUCT_BUNDLE_IDENTIFIER = wakamori.MyMapTests;
				PRODUCT_NAME = "$(TARGET_NAME)";
				SWIFT_VERSION = 5.0;
				TARGETED_DEVICE_FAMILY = "1,2";
				TEST_HOST = "$(BUILT_PRODUCTS_DIR)/MyMap.app/MyMap";
			};
			name = Release;
		};
		20B983FC23BDB37E00BBB047 /* Debug */ = {
			isa = XCBuildConfiguration;
			buildSettings = {
				ALWAYS_EMBED_SWIFT_STANDARD_LIBRARIES = YES;
				CODE_SIGN_STYLE = Automatic;
				INFOPLIST_FILE = MyMapUITests/Info.plist;
				LD_RUNPATH_SEARCH_PATHS = (
					"$(inherited)",
					"@executable_path/Frameworks",
					"@loader_path/Frameworks",
				);
				PRODUCT_BUNDLE_IDENTIFIER = wakamori.MyMapUITests;
				PRODUCT_NAME = "$(TARGET_NAME)";
				SWIFT_VERSION = 5.0;
				TARGETED_DEVICE_FAMILY = "1,2";
				TEST_TARGET_NAME = MyMap;
			};
			name = Debug;
		};
		20B983FD23BDB37E00BBB047 /* Release */ = {
			isa = XCBuildConfiguration;
			buildSettings = {
				ALWAYS_EMBED_SWIFT_STANDARD_LIBRARIES = YES;
				CODE_SIGN_STYLE = Automatic;
				INFOPLIST_FILE = MyMapUITests/Info.plist;
				LD_RUNPATH_SEARCH_PATHS = (
					"$(inherited)",
					"@executable_path/Frameworks",
					"@loader_path/Frameworks",
				);
				PRODUCT_BUNDLE_IDENTIFIER = wakamori.MyMapUITests;
				PRODUCT_NAME = "$(TARGET_NAME)";
				SWIFT_VERSION = 5.0;
				TARGETED_DEVICE_FAMILY = "1,2";
				TEST_TARGET_NAME = MyMap;
			};
			name = Release;
		};
/* End XCBuildConfiguration section */

/* Begin XCConfigurationList section */
		20B983C623BDB37A00BBB047 /* Build configuration list for PBXProject "MyMap" */ = {
			isa = XCConfigurationList;
			buildConfigurations = (
				20B983F323BDB37E00BBB047 /* Debug */,
				20B983F423BDB37E00BBB047 /* Release */,
			);
			defaultConfigurationIsVisible = 0;
			defaultConfigurationName = Release;
		};
		20B983F523BDB37E00BBB047 /* Build configuration list for PBXNativeTarget "MyMap" */ = {
			isa = XCConfigurationList;
			buildConfigurations = (
				20B983F623BDB37E00BBB047 /* Debug */,
				20B983F723BDB37E00BBB047 /* Release */,
			);
			defaultConfigurationIsVisible = 0;
			defaultConfigurationName = Release;
		};
		20B983F823BDB37E00BBB047 /* Build configuration list for PBXNativeTarget "MyMapTests" */ = {
			isa = XCConfigurationList;
			buildConfigurations = (
				20B983F923BDB37E00BBB047 /* Debug */,
				20B983FA23BDB37E00BBB047 /* Release */,
			);
			defaultConfigurationIsVisible = 0;
			defaultConfigurationName = Release;
		};
		20B983FB23BDB37E00BBB047 /* Build configuration list for PBXNativeTarget "MyMapUITests" */ = {
			isa = XCConfigurationList;
			buildConfigurations = (
				20B983FC23BDB37E00BBB047 /* Debug */,
				20B983FD23BDB37E00BBB047 /* Release */,
			);
			defaultConfigurationIsVisible = 0;
			defaultConfigurationName = Release;
		};
/* End XCConfigurationList section */
	};
	rootObject = 20B983C323BDB37A00BBB047 /* Project object */;
}
